
Microsoft Visual Studio Solution File, Format Version 12.00
Project("{FAE04EC0-301F-11D3-BF4B-00C04F79EFBC}") = "backend", "backend\backend.csproj", "{F84E3337-F41B-41DB-8F85-192290FD4FEF}"
EndProject
Project("{2150E333-8FDC-42A3-9474-1A3956D46DE8}") = "Solution Items", "Solution Items", "{D909F747-48FA-4A78-A7A9-2E518BF17AF2}"
	ProjectSection(SolutionItems) = preProject
		compose.yaml = compose.yaml
	EndProjectSection
EndProject
Project("{FAE04EC0-301F-11D3-BF4B-00C04F79EFBC}") = "backend.Tests", "backend.Tests\backend.Tests.csproj", "{4017DA43-FCF3-40D8-92C5-7917FD871DA8}"
EndProject
Global
	GlobalSection(SolutionConfigurationPlatforms) = preSolution
		Debug|Any CPU = Debug|Any CPU
		Debug|x64 = Debug|x64
		Debug|x86 = Debug|x86
		Release|Any CPU = Release|Any CPU
		Release|x64 = Release|x64
		Release|x86 = Release|x86
	EndGlobalSection
	GlobalSection(ProjectConfigurationPlatforms) = postSolution
		{F84E3337-F41B-41DB-8F85-192290FD4FEF}.Debug|Any CPU.ActiveCfg = Debug|Any CPU
		{F84E3337-F41B-41DB-8F85-192290FD4FEF}.Debug|Any CPU.Build.0 = Debug|Any CPU
		{F84E3337-F41B-41DB-8F85-192290FD4FEF}.Debug|x64.ActiveCfg = Debug|Any CPU
		{F84E3337-F41B-41DB-8F85-192290FD4FEF}.Debug|x64.Build.0 = Debug|Any CPU
		{F84E3337-F41B-41DB-8F85-192290FD4FEF}.Debug|x86.ActiveCfg = Debug|Any CPU
		{F84E3337-F41B-41DB-8F85-192290FD4FEF}.Debug|x86.Build.0 = Debug|Any CPU
		{F84E3337-F41B-41DB-8F85-192290FD4FEF}.Release|Any CPU.ActiveCfg = Release|Any CPU
		{F84E3337-F41B-41DB-8F85-192290FD4FEF}.Release|Any CPU.Build.0 = Release|Any CPU
		{F84E3337-F41B-41DB-8F85-192290FD4FEF}.Release|x64.ActiveCfg = Release|Any CPU
		{F84E3337-F41B-41DB-8F85-192290FD4FEF}.Release|x64.Build.0 = Release|Any CPU
		{F84E3337-F41B-41DB-8F85-192290FD4FEF}.Release|x86.ActiveCfg = Release|Any CPU
		{F84E3337-F41B-41DB-8F85-192290FD4FEF}.Release|x86.Build.0 = Release|Any CPU
		{4017DA43-FCF3-40D8-92C5-7917FD871DA8}.Debug|Any CPU.ActiveCfg = Debug|Any CPU
		{4017DA43-FCF3-40D8-92C5-7917FD871DA8}.Debug|Any CPU.Build.0 = Debug|Any CPU
		{4017DA43-FCF3-40D8-92C5-7917FD871DA8}.Debug|x64.ActiveCfg = Debug|Any CPU
		{4017DA43-FCF3-40D8-92C5-7917FD871DA8}.Debug|x64.Build.0 = Debug|Any CPU
		{4017DA43-FCF3-40D8-92C5-7917FD871DA8}.Debug|x86.ActiveCfg = Debug|Any CPU
		{4017DA43-FCF3-40D8-92C5-7917FD871DA8}.Debug|x86.Build.0 = Debug|Any CPU
		{4017DA43-FCF3-40D8-92C5-7917FD871DA8}.Release|Any CPU.ActiveCfg = Release|Any CPU
		{4017DA43-FCF3-40D8-92C5-7917FD871DA8}.Release|Any CPU.Build.0 = Release|Any CPU
		{4017DA43-FCF3-40D8-92C5-7917FD871DA8}.Release|x64.ActiveCfg = Release|Any CPU
		{4017DA43-FCF3-40D8-92C5-7917FD871DA8}.Release|x64.Build.0 = Release|Any CPU
		{4017DA43-FCF3-40D8-92C5-7917FD871DA8}.Release|x86.ActiveCfg = Release|Any CPU
		{4017DA43-FCF3-40D8-92C5-7917FD871DA8}.Release|x86.Build.0 = Release|Any CPU
	EndGlobalSection
	GlobalSection(SolutionProperties) = preSolution
		HideSolutionNode = FALSE
	EndGlobalSection
EndGlobal
